<?xml version="1.0" encoding="UTF-8"?>
<CONFIG>
  <ProjectOptions>
    <Version Value="9"/>
    <PathDelim Value="\"/>
    <General>
      <SessionStorage Value="InProjectDir"/>
      <MainUnit Value="0"/>
      <Title Value="TimberLog"/>
      <ResourceType Value="res"/>
      <UseXPManifest Value="True"/>
      <Icon Value="0"/>
    </General>
    <i18n>
      <EnableI18N LFM="False"/>
    </i18n>
    <VersionInfo>
      <UseVersionInfo Value="True"/>
      <AutoIncrementBuild Value="True"/>
      <MinorVersionNr Value="1"/>
      <BuildNr Value="619"/>
      <StringTable Comments="Developed by Jack D Linke" CompanyName="Projects and Stuff" OriginalFilename="TimberLog.exe" ProductName="TimberLog" ProductVersion=""/>
    </VersionInfo>
    <BuildModes Count="1">
      <Item1 Name="Default" Default="True"/>
    </BuildModes>
    <PublishOptions>
      <Version Value="2"/>
    </PublishOptions>
    <RunParams>
      <local>
        <FormatVersion Value="1"/>
      </local>
    </RunParams>
    <RequiredPackages Count="13">
      <Item1>
        <PackageName Value="rx"/>
      </Item1>
      <Item2>
        <PackageName Value="PASVirtualDBScroll"/>
      </Item2>
      <Item3>
        <PackageName Value="uniqueinstance_package"/>
      </Item3>
      <Item4>
        <PackageName Value="lazmrumenu"/>
      </Item4>
      <Item5>
        <PackageName Value="sqlite3laz"/>
      </Item5>
      <Item6>
        <PackageName Value="dcpcrypt"/>
      </Item6>
      <Item7>
        <PackageName Value="ZVDateTimeCtrls"/>
      </Item7>
      <Item8>
        <PackageName Value="SynEdit"/>
      </Item8>
      <Item9>
        <PackageName Value="richmemopackage"/>
      </Item9>
      <Item10>
        <PackageName Value="FCL"/>
      </Item10>
      <Item11>
        <PackageName Value="SQLDBLaz"/>
      </Item11>
      <Item12>
        <PackageName Value="RunTimeTypeInfoControls"/>
      </Item12>
      <Item13>
        <PackageName Value="LCL"/>
      </Item13>
    </RequiredPackages>
    <Units Count="11">
      <Unit0>
        <Filename Value="TimberLog.lpr"/>
        <IsPartOfProject Value="True"/>
        <UnitName Value="TimberLog"/>
      </Unit0>
      <Unit1>
        <Filename Value="formunitstartdialog.pas"/>
        <IsPartOfProject Value="True"/>
        <ComponentName Value="formStartDialog"/>
        <HasResources Value="True"/>
        <ResourceBaseClass Value="Form"/>
        <UnitName Value="formUnitStartDialog"/>
      </Unit1>
      <Unit2>
        <Filename Value="unitstartfunctions.pas"/>
        <IsPartOfProject Value="True"/>
        <UnitName Value="unitStartFunctions"/>
      </Unit2>
      <Unit3>
        <Filename Value="unitclasslogbook.pas"/>
        <IsPartOfProject Value="True"/>
        <UnitName Value="unitClassLogbook"/>
      </Unit3>
      <Unit4>
        <Filename Value="unitrecordlogmetadata.pas"/>
        <IsPartOfProject Value="True"/>
        <UnitName Value="unitRecordLogMetadata"/>
      </Unit4>
      <Unit5>
        <Filename Value="unitdefinitions.pas"/>
        <IsPartOfProject Value="True"/>
        <UnitName Value="unitDefinitions"/>
      </Unit5>
      <Unit6>
        <Filename Value="formunitlogbook.pas"/>
        <IsPartOfProject Value="True"/>
        <ComponentName Value="formLogbook"/>
        <HasResources Value="True"/>
        <ResourceBaseClass Value="Form"/>
        <UnitName Value="formUnitLogbook"/>
      </Unit6>
      <Unit7>
        <Filename Value="dmunitcrypt.pas"/>
        <IsPartOfProject Value="True"/>
        <ComponentName Value="dmCrypt"/>
        <HasResources Value="True"/>
        <ResourceBaseClass Value="DataModule"/>
        <UnitName Value="dmUnitCrypt"/>
      </Unit7>
      <Unit8>
        <Filename Value="unittypetile.pas"/>
        <IsPartOfProject Value="True"/>
        <ComponentName Value="frameTypeTile"/>
        <HasResources Value="True"/>
        <ResourceBaseClass Value="Frame"/>
        <UnitName Value="unitTypeTile"/>
      </Unit8>
      <Unit9>
        <Filename Value="unitrecenttile.pas"/>
        <IsPartOfProject Value="True"/>
        <ComponentName Value="frameRecentTile"/>
        <HasResources Value="True"/>
        <ResourceBaseClass Value="Frame"/>
        <UnitName Value="unitRecentTile"/>
      </Unit9>
      <Unit10>
        <Filename Value="dmunitdbtools.pas"/>
        <IsPartOfProject Value="True"/>
        <ComponentName Value="dmDBTools"/>
        <HasResources Value="True"/>
        <ResourceBaseClass Value="DataModule"/>
        <UnitName Value="dmUnitDBTools"/>
      </Unit10>
    </Units>
  </ProjectOptions>
  <CompilerOptions>
    <Version Value="11"/>
    <PathDelim Value="\"/>
    <Target>
      <Filename Value="TimberLog"/>
    </Target>
    <SearchPaths>
      <IncludeFiles Value="$(ProjOutDir)"/>
      <UnitOutputDirectory Value="lib\$(TargetCPU)-$(TargetOS)"/>
    </SearchPaths>
    <Linking>
      <Debugging>
        <DebugInfoType Value="dsDwarf2Set"/>
      </Debugging>
      <Options>
        <Win32>
          <GraphicApplication Value="True"/>
        </Win32>
      </Options>
    </Linking>
    <Other>
      <CompilerMessages>
        <MsgFileName Value=""/>
      </CompilerMessages>
      <CompilerPath Value="$(CompPath)"/>
    </Other>
  </CompilerOptions>
  <Debugging>
    <Exceptions Count="3">
      <Item1>
        <Name Value="EAbort"/>
      </Item1>
      <Item2>
        <Name Value="ECodetoolError"/>
      </Item2>
      <Item3>
        <Name Value="EFOpenError"/>
      </Item3>
    </Exceptions>
  </Debugging>
</CONFIG>
